
Microsoft Visual Studio Solution File, Format Version 12.00
# Visual Studio 15
VisualStudioVersion = 15.0.27703.2000
MinimumVisualStudioVersion = 10.0.40219.1
Project("{FAE04EC0-301F-11D3-BF4B-00C04F79EFBC}") = "QuizQuick.Android", "QuizQuick\QuizQuick.Android\QuizQuick.Android.csproj", "{169B7AF5-0D32-4248-82AD-7070A3186911}"
EndProject
Project("{FAE04EC0-301F-11D3-BF4B-00C04F79EFBC}") = "QuizQuick.iOS", "QuizQuick\QuizQuick.iOS\QuizQuick.iOS.csproj", "{6CFF9B93-D41A-4FD3-957F-74D0974EA1EB}"
EndProject
Project("{FAE04EC0-301F-11D3-BF4B-00C04F79EFBC}") = "QuizQuick", "QuizQuick\QuizQuick\QuizQuick.csproj", "{9A599336-5229-4A83-B21C-2D732F127ADA}"
EndProject
Global
	GlobalSection(SolutionConfigurationPlatforms) = preSolution
		Ad-Hoc|Any CPU = Ad-Hoc|Any CPU
		Ad-Hoc|iPhone = Ad-Hoc|iPhone
		Ad-Hoc|iPhoneSimulator = Ad-Hoc|iPhoneSimulator
		AppStore|Any CPU = AppStore|Any CPU
		AppStore|iPhone = AppStore|iPhone
		AppStore|iPhoneSimulator = AppStore|iPhoneSimulator
		Debug|Any CPU = Debug|Any CPU
		Debug|iPhone = Debug|iPhone
		Debug|iPhoneSimulator = Debug|iPhoneSimulator
		Release|Any CPU = Release|Any CPU
		Release|iPhone = Release|iPhone
		Release|iPhoneSimulator = Release|iPhoneSimulator
	EndGlobalSection
	GlobalSection(ProjectConfigurationPlatforms) = postSolution
		{169B7AF5-0D32-4248-82AD-7070A3186911}.Ad-Hoc|Any CPU.ActiveCfg = Release|Any CPU
		{169B7AF5-0D32-4248-82AD-7070A3186911}.Ad-Hoc|Any CPU.Build.0 = Release|Any CPU
		{169B7AF5-0D32-4248-82AD-7070A3186911}.Ad-Hoc|Any CPU.Deploy.0 = Release|Any CPU
		{169B7AF5-0D32-4248-82AD-7070A3186911}.Ad-Hoc|iPhone.ActiveCfg = Release|Any CPU
		{169B7AF5-0D32-4248-82AD-7070A3186911}.Ad-Hoc|iPhone.Build.0 = Release|Any CPU
		{169B7AF5-0D32-4248-82AD-7070A3186911}.Ad-Hoc|iPhone.Deploy.0 = Release|Any CPU
		{169B7AF5-0D32-4248-82AD-7070A3186911}.Ad-Hoc|iPhoneSimulator.ActiveCfg = Release|Any CPU
		{169B7AF5-0D32-4248-82AD-7070A3186911}.Ad-Hoc|iPhoneSimulator.Build.0 = Release|Any CPU
		{169B7AF5-0D32-4248-82AD-7070A3186911}.Ad-Hoc|iPhoneSimulator.Deploy.0 = Release|Any CPU
		{169B7AF5-0D32-4248-82AD-7070A3186911}.AppStore|Any CPU.ActiveCfg = Release|Any CPU
		{169B7AF5-0D32-4248-82AD-7070A3186911}.AppStore|Any CPU.Build.0 = Release|Any CPU
		{169B7AF5-0D32-4248-82AD-7070A3186911}.AppStore|Any CPU.Deploy.0 = Release|Any CPU
		{169B7AF5-0D32-4248-82AD-7070A3186911}.AppStore|iPhone.ActiveCfg = Release|Any CPU
		{169B7AF5-0D32-4248-82AD-7070A3186911}.AppStore|iPhone.Build.0 = Release|Any CPU
		{169B7AF5-0D32-4248-82AD-7070A3186911}.AppStore|iPhone.Deploy.0 = Release|Any CPU
		{169B7AF5-0D32-4248-82AD-7070A3186911}.AppStore|iPhoneSimulator.ActiveCfg = Release|Any CPU
		{169B7AF5-0D32-4248-82AD-7070A3186911}.AppStore|iPhoneSimulator.Build.0 = Release|Any CPU
		{169B7AF5-0D32-4248-82AD-7070A3186911}.AppStore|iPhoneSimulator.Deploy.0 = Release|Any CPU
		{169B7AF5-0D32-4248-82AD-7070A3186911}.Debug|Any CPU.ActiveCfg = Debug|Any CPU
		{169B7AF5-0D32-4248-82AD-7070A3186911}.Debug|Any CPU.Build.0 = Debug|Any CPU
		{169B7AF5-0D32-4248-82AD-7070A3186911}.Debug|Any CPU.Deploy.0 = Debug|Any CPU
		{169B7AF5-0D32-4248-82AD-7070A3186911}.Debug|iPhone.ActiveCfg = Debug|Any CPU
		{169B7AF5-0D32-4248-82AD-7070A3186911}.Debug|iPhone.Build.0 = Debug|Any CPU
		{169B7AF5-0D32-4248-82AD-7070A3186911}.Debug|iPhone.Deploy.0 = Debug|Any CPU
		{169B7AF5-0D32-4248-82AD-7070A3186911}.Debug|iPhoneSimulator.ActiveCfg = Debug|Any CPU
		{169B7AF5-0D32-4248-82AD-7070A3186911}.Debug|iPhoneSimulator.Build.0 = Debug|Any CPU
		{169B7AF5-0D32-4248-82AD-7070A3186911}.Debug|iPhoneSimulator.Deploy.0 = Debug|Any CPU
		{169B7AF5-0D32-4248-82AD-7070A3186911}.Release|Any CPU.ActiveCfg = Release|Any CPU
		{169B7AF5-0D32-4248-82AD-7070A3186911}.Release|Any CPU.Build.0 = Release|Any CPU
		{169B7AF5-0D32-4248-82AD-7070A3186911}.Release|Any CPU.Deploy.0 = Release|Any CPU
		{169B7AF5-0D32-4248-82AD-7070A3186911}.Release|iPhone.ActiveCfg = Release|Any CPU
		{169B7AF5-0D32-4248-82AD-7070A3186911}.Release|iPhone.Build.0 = Release|Any CPU
		{169B7AF5-0D32-4248-82AD-7070A3186911}.Release|iPhone.Deploy.0 = Release|Any CPU
		{169B7AF5-0D32-4248-82AD-7070A3186911}.Release|iPhoneSimulator.ActiveCfg = Release|Any CPU
		{169B7AF5-0D32-4248-82AD-7070A3186911}.Release|iPhoneSimulator.Build.0 = Release|Any CPU
		{169B7AF5-0D32-4248-82AD-7070A3186911}.Release|iPhoneSimulator.Deploy.0 = Release|Any CPU
		{6CFF9B93-D41A-4FD3-957F-74D0974EA1EB}.Ad-Hoc|Any CPU.ActiveCfg = Ad-Hoc|iPhone
		{6CFF9B93-D41A-4FD3-957F-74D0974EA1EB}.Ad-Hoc|Any CPU.Build.0 = Ad-Hoc|iPhone
		{6CFF9B93-D41A-4FD3-957F-74D0974EA1EB}.Ad-Hoc|Any CPU.Deploy.0 = Ad-Hoc|iPhone
		{6CFF9B93-D41A-4FD3-957F-74D0974EA1EB}.Ad-Hoc|iPhone.ActiveCfg = Ad-Hoc|iPhone
		{6CFF9B93-D41A-4FD3-957F-74D0974EA1EB}.Ad-Hoc|iPhone.Build.0 = Ad-Hoc|iPhone
		{6CFF9B93-D41A-4FD3-957F-74D0974EA1EB}.Ad-Hoc|iPhone.Deploy.0 = Ad-Hoc|iPhone
		{6CFF9B93-D41A-4FD3-957F-74D0974EA1EB}.Ad-Hoc|iPhoneSimulator.ActiveCfg = Ad-Hoc|iPhoneSimulator
		{6CFF9B93-D41A-4FD3-957F-74D0974EA1EB}.Ad-Hoc|iPhoneSimulator.Build.0 = Ad-Hoc|iPhoneSimulator
		{6CFF9B93-D41A-4FD3-957F-74D0974EA1EB}.Ad-Hoc|iPhoneSimulator.Deploy.0 = Ad-Hoc|iPhoneSimulator
		{6CFF9B93-D41A-4FD3-957F-74D0974EA1EB}.AppStore|Any CPU.ActiveCfg = AppStore|iPhone
		{6CFF9B93-D41A-4FD3-957F-74D0974EA1EB}.AppStore|Any CPU.Build.0 = AppStore|iPhone
		{6CFF9B93-D41A-4FD3-957F-74D0974EA1EB}.AppStore|Any CPU.Deploy.0 = AppStore|iPhone
		{6CFF9B93-D41A-4FD3-957F-74D0974EA1EB}.AppStore|iPhone.ActiveCfg = AppStore|iPhone
		{6CFF9B93-D41A-4FD3-957F-74D0974EA1EB}.AppStore|iPhone.Build.0 = AppStore|iPhone
		{6CFF9B93-D41A-4FD3-957F-74D0974EA1EB}.AppStore|iPhone.Deploy.0 = AppStore|iPhone
		{6CFF9B93-D41A-4FD3-957F-74D0974EA1EB}.AppStore|iPhoneSimulator.ActiveCfg = AppStore|iPhoneSimulator
		{6CFF9B93-D41A-4FD3-957F-74D0974EA1EB}.AppStore|iPhoneSimulator.Build.0 = AppStore|iPhoneSimulator
		{6CFF9B93-D41A-4FD3-957F-74D0974EA1EB}.AppStore|iPhoneSimulator.Deploy.0 = AppStore|iPhoneSimulator
		{6CFF9B93-D41A-4FD3-957F-74D0974EA1EB}.Debug|Any CPU.ActiveCfg = Debug|iPhoneSimulator
		{6CFF9B93-D41A-4FD3-957F-74D0974EA1EB}.Debug|Any CPU.Build.0 = Debug|iPhoneSimulator
		{6CFF9B93-D41A-4FD3-957F-74D0974EA1EB}.Debug|Any CPU.Deploy.0 = Debug|iPhoneSimulator
		{6CFF9B93-D41A-4FD3-957F-74D0974EA1EB}.Debug|iPhone.ActiveCfg = Debug|iPhone
		{6CFF9B93-D41A-4FD3-957F-74D0974EA1EB}.Debug|iPhone.Build.0 = Debug|iPhone
		{6CFF9B93-D41A-4FD3-957F-74D0974EA1EB}.Debug|iPhone.Deploy.0 = Debug|iPhone
		{6CFF9B93-D41A-4FD3-957F-74D0974EA1EB}.Debug|iPhoneSimulator.ActiveCfg = Debug|iPhoneSimulator
		{6CFF9B93-D41A-4FD3-957F-74D0974EA1EB}.Debug|iPhoneSimulator.Build.0 = Debug|iPhoneSimulator
		{6CFF9B93-D41A-4FD3-957F-74D0974EA1EB}.Debug|iPhoneSimulator.Deploy.0 = Debug|iPhoneSimulator
		{6CFF9B93-D41A-4FD3-957F-74D0974EA1EB}.Release|Any CPU.ActiveCfg = Release|iPhone
		{6CFF9B93-D41A-4FD3-957F-74D0974EA1EB}.Release|Any CPU.Build.0 = Release|iPhone
		{6CFF9B93-D41A-4FD3-957F-74D0974EA1EB}.Release|Any CPU.Deploy.0 = Release|iPhone
		{6CFF9B93-D41A-4FD3-957F-74D0974EA1EB}.Release|iPhone.ActiveCfg = Release|iPhone
		{6CFF9B93-D41A-4FD3-957F-74D0974EA1EB}.Release|iPhone.Build.0 = Release|iPhone
		{6CFF9B93-D41A-4FD3-957F-74D0974EA1EB}.Release|iPhone.Deploy.0 = Release|iPhone
		{6CFF9B93-D41A-4FD3-957F-74D0974EA1EB}.Release|iPhoneSimulator.ActiveCfg = Release|iPhoneSimulator
		{6CFF9B93-D41A-4FD3-957F-74D0974EA1EB}.Release|iPhoneSimulator.Build.0 = Release|iPhoneSimulator
		{6CFF9B93-D41A-4FD3-957F-74D0974EA1EB}.Release|iPhoneSimulator.Deploy.0 = Release|iPhoneSimulator
		{9A599336-5229-4A83-B21C-2D732F127ADA}.Ad-Hoc|Any CPU.ActiveCfg = Debug|Any CPU
		{9A599336-5229-4A83-B21C-2D732F127ADA}.Ad-Hoc|Any CPU.Build.0 = Debug|Any CPU
		{9A599336-5229-4A83-B21C-2D732F127ADA}.Ad-Hoc|Any CPU.Deploy.0 = Debug|Any CPU
		{9A599336-5229-4A83-B21C-2D732F127ADA}.Ad-Hoc|iPhone.ActiveCfg = Debug|Any CPU
		{9A599336-5229-4A83-B21C-2D732F127ADA}.Ad-Hoc|iPhone.Build.0 = Debug|Any CPU
		{9A599336-5229-4A83-B21C-2D732F127ADA}.Ad-Hoc|iPhone.Deploy.0 = Debug|Any CPU
		{9A599336-5229-4A83-B21C-2D732F127ADA}.Ad-Hoc|iPhoneSimulator.ActiveCfg = Debug|Any CPU
		{9A599336-5229-4A83-B21C-2D732F127ADA}.Ad-Hoc|iPhoneSimulator.Build.0 = Debug|Any CPU
		{9A599336-5229-4A83-B21C-2D732F127ADA}.Ad-Hoc|iPhoneSimulator.Deploy.0 = Debug|Any CPU
		{9A599336-5229-4A83-B21C-2D732F127ADA}.AppStore|Any CPU.ActiveCfg = Debug|Any CPU
		{9A599336-5229-4A83-B21C-2D732F127ADA}.AppStore|Any CPU.Build.0 = Debug|Any CPU
		{9A599336-5229-4A83-B21C-2D732F127ADA}.AppStore|Any CPU.Deploy.0 = Debug|Any CPU
		{9A599336-5229-4A83-B21C-2D732F127ADA}.AppStore|iPhone.ActiveCfg = Debug|Any CPU
		{9A599336-5229-4A83-B21C-2D732F127ADA}.AppStore|iPhone.Build.0 = Debug|Any CPU
		{9A599336-5229-4A83-B21C-2D732F127ADA}.AppStore|iPhone.Deploy.0 = Debug|Any CPU
		{9A599336-5229-4A83-B21C-2D732F127ADA}.AppStore|iPhoneSimulator.ActiveCfg = Debug|Any CPU
		{9A599336-5229-4A83-B21C-2D732F127ADA}.AppStore|iPhoneSimulator.Build.0 = Debug|Any CPU
		{9A599336-5229-4A83-B21C-2D732F127ADA}.AppStore|iPhoneSimulator.Deploy.0 = Debug|Any CPU
		{9A599336-5229-4A83-B21C-2D732F127ADA}.Debug|Any CPU.ActiveCfg = Debug|Any CPU
		{9A599336-5229-4A83-B21C-2D732F127ADA}.Debug|Any CPU.Build.0 = Debug|Any CPU
		{9A599336-5229-4A83-B21C-2D732F127ADA}.Debug|Any CPU.Deploy.0 = Debug|Any CPU
		{9A599336-5229-4A83-B21C-2D732F127ADA}.Debug|iPhone.ActiveCfg = Debug|Any CPU
		{9A599336-5229-4A83-B21C-2D732F127ADA}.Debug|iPhone.Build.0 = Debug|Any CPU
		{9A599336-5229-4A83-B21C-2D732F127ADA}.Debug|iPhone.Deploy.0 = Debug|Any CPU
		{9A599336-5229-4A83-B21C-2D732F127ADA}.Debug|iPhoneSimulator.ActiveCfg = Debug|Any CPU
		{9A599336-5229-4A83-B21C-2D732F127ADA}.Debug|iPhoneSimulator.Build.0 = Debug|Any CPU
		{9A599336-5229-4A83-B21C-2D732F127ADA}.Debug|iPhoneSimulator.Deploy.0 = Debug|Any CPU
		{9A599336-5229-4A83-B21C-2D732F127ADA}.Release|Any CPU.ActiveCfg = Release|Any CPU
		{9A599336-5229-4A83-B21C-2D732F127ADA}.Release|Any CPU.Build.0 = Release|Any CPU
		{9A599336-5229-4A83-B21C-2D732F127ADA}.Release|Any CPU.Deploy.0 = Release|Any CPU
		{9A599336-5229-4A83-B21C-2D732F127ADA}.Release|iPhone.ActiveCfg = Release|Any CPU
		{9A599336-5229-4A83-B21C-2D732F127ADA}.Release|iPhone.Build.0 = Release|Any CPU
		{9A599336-5229-4A83-B21C-2D732F127ADA}.Release|iPhone.Deploy.0 = Release|Any CPU
		{9A599336-5229-4A83-B21C-2D732F127ADA}.Release|iPhoneSimulator.ActiveCfg = Release|Any CPU
		{9A599336-5229-4A83-B21C-2D732F127ADA}.Release|iPhoneSimulator.Build.0 = Release|Any CPU
		{9A599336-5229-4A83-B21C-2D732F127ADA}.Release|iPhoneSimulator.Deploy.0 = Release|Any CPU
	EndGlobalSection
	GlobalSection(SolutionProperties) = preSolution
		HideSolutionNode = FALSE
	EndGlobalSection
	GlobalSection(ExtensibilityGlobals) = postSolution
		SolutionGuid = {F30D5F36-3768-403D-A034-350413518933}
	EndGlobalSection
EndGlobal
